// !$*UTF8*$!
{
	archiveVersion = 1;
	classes = {
	};
	objectVersion = 55;
	objects = {

/* Begin PBXBuildFile section */
		B8EA892627CEA6D000E91ED4 /* AppDelegate.swift in Sources */ = {isa = PBXBuildFile; fileRef = B8EA892527CEA6D000E91ED4 /* AppDelegate.swift */; };
		B8EA892827CEA6D000E91ED4 /* SceneDelegate.swift in Sources */ = {isa = PBXBuildFile; fileRef = B8EA892727CEA6D000E91ED4 /* SceneDelegate.swift */; };
		B8EA892A27CEA6D000E91ED4 /* ViewController.swift in Sources */ = {isa = PBXBuildFile; fileRef = B8EA892927CEA6D000E91ED4 /* ViewController.swift */; };
		B8EA892D27CEA6D000E91ED4 /* Main.storyboard in Resources */ = {isa = PBXBuildFile; fileRef = B8EA892B27CEA6D000E91ED4 /* Main.storyboard */; };
		B8EA892F27CEA6D200E91ED4 /* Assets.xcassets in Resources */ = {isa = PBXBuildFile; fileRef = B8EA892E27CEA6D200E91ED4 /* Assets.xcassets */; };
		B8EA893227CEA6D200E91ED4 /* LaunchScreen.storyboard in Resources */ = {isa = PBXBuildFile; fileRef = B8EA893027CEA6D200E91ED4 /* LaunchScreen.storyboard */; };
		B8EA893D27CEA6D200E91ED4 /* RandomUsersTests.swift in Sources */ = {isa = PBXBuildFile; fileRef = B8EA893C27CEA6D200E91ED4 /* RandomUsersTests.swift */; };
		B8EA894727CEA6D200E91ED4 /* RandomUsersUITests.swift in Sources */ = {isa = PBXBuildFile; fileRef = B8EA894627CEA6D200E91ED4 /* RandomUsersUITests.swift */; };
		B8EA894927CEA6D200E91ED4 /* RandomUsersUITestsLaunchTests.swift in Sources */ = {isa = PBXBuildFile; fileRef = B8EA894827CEA6D200E91ED4 /* RandomUsersUITestsLaunchTests.swift */; };
/* End PBXBuildFile section */

/* Begin PBXContainerItemProxy section */
		B8EA893927CEA6D200E91ED4 /* PBXContainerItemProxy */ = {
			isa = PBXContainerItemProxy;
			containerPortal = B8EA891A27CEA6D000E91ED4 /* Project object */;
			proxyType = 1;
			remoteGlobalIDString = B8EA892127CEA6D000E91ED4;
			remoteInfo = RandomUsers;
		};
		B8EA894327CEA6D200E91ED4 /* PBXContainerItemProxy */ = {
			isa = PBXContainerItemProxy;
			containerPortal = B8EA891A27CEA6D000E91ED4 /* Project object */;
			proxyType = 1;
			remoteGlobalIDString = B8EA892127CEA6D000E91ED4;
			remoteInfo = RandomUsers;
		};
/* End PBXContainerItemProxy section */

/* Begin PBXFileReference section */
		B8EA892227CEA6D000E91ED4 /* RandomUsers.app */ = {isa = PBXFileReference; explicitFileType = wrapper.application; includeInIndex = 0; path = RandomUsers.app; sourceTree = BUILT_PRODUCTS_DIR; };
		B8EA892527CEA6D000E91ED4 /* AppDelegate.swift */ = {isa = PBXFileReference; lastKnownFileType = sourcecode.swift; path = AppDelegate.swift; sourceTree = "<group>"; };
		B8EA892727CEA6D000E91ED4 /* SceneDelegate.swift */ = {isa = PBXFileReference; lastKnownFileType = sourcecode.swift; path = SceneDelegate.swift; sourceTree = "<group>"; };
		B8EA892927CEA6D000E91ED4 /* ViewController.swift */ = {isa = PBXFileReference; lastKnownFileType = sourcecode.swift; path = ViewController.swift; sourceTree = "<group>"; };
		B8EA892C27CEA6D000E91ED4 /* Base */ = {isa = PBXFileReference; lastKnownFileType = file.storyboard; name = Base; path = Base.lproj/Main.storyboard; sourceTree = "<group>"; };
		B8EA892E27CEA6D200E91ED4 /* Assets.xcassets */ = {isa = PBXFileReference; lastKnownFileType = folder.assetcatalog; path = Assets.xcassets; sourceTree = "<group>"; };
		B8EA893127CEA6D200E91ED4 /* Base */ = {isa = PBXFileReference; lastKnownFileType = file.storyboard; name = Base; path = Base.lproj/LaunchScreen.storyboard; sourceTree = "<group>"; };
		B8EA893327CEA6D200E91ED4 /* Info.plist */ = {isa = PBXFileReference; lastKnownFileType = text.plist.xml; path = Info.plist; sourceTree = "<group>"; };
		B8EA893827CEA6D200E91ED4 /* RandomUsersTests.xctest */ = {isa = PBXFileReference; explicitFileType = wrapper.cfbundle; includeInIndex = 0; path = RandomUsersTests.xctest; sourceTree = BUILT_PRODUCTS_DIR; };
		B8EA893C27CEA6D200E91ED4 /* RandomUsersTests.swift */ = {isa = PBXFileReference; lastKnownFileType = sourcecode.swift; path = RandomUsersTests.swift; sourceTree = "<group>"; };
		B8EA894227CEA6D200E91ED4 /* RandomUsersUITests.xctest */ = {isa = PBXFileReference; explicitFileType = wrapper.cfbundle; includeInIndex = 0; path = RandomUsersUITests.xctest; sourceTree = BUILT_PRODUCTS_DIR; };
		B8EA894627CEA6D200E91ED4 /* RandomUsersUITests.swift */ = {isa = PBXFileReference; lastKnownFileType = sourcecode.swift; path = RandomUsersUITests.swift; sourceTree = "<group>"; };
		B8EA894827CEA6D200E91ED4 /* RandomUsersUITestsLaunchTests.swift */ = {isa = PBXFileReference; lastKnownFileType = sourcecode.swift; path = RandomUsersUITestsLaunchTests.swift; sourceTree = "<group>"; };
/* End PBXFileReference section */

/* Begin PBXFrameworksBuildPhase section */
		B8EA891F27CEA6D000E91ED4 /* Frameworks */ = {
			isa = PBXFrameworksBuildPhase;
			buildActionMask = 2147483647;
			files = (
			);
			runOnlyForDeploymentPostprocessing = 0;
		};
		B8EA893527CEA6D200E91ED4 /* Frameworks */ = {
			isa = PBXFrameworksBuildPhase;
			buildActionMask = 2147483647;
			files = (
			);
			runOnlyForDeploymentPostprocessing = 0;
		};
		B8EA893F27CEA6D200E91ED4 /* Frameworks */ = {
			isa = PBXFrameworksBuildPhase;
			buildActionMask = 2147483647;
			files = (
			);
			runOnlyForDeploymentPostprocessing = 0;
		};
/* End PBXFrameworksBuildPhase section */

/* Begin PBXGroup section */
		B8EA891927CEA6D000E91ED4 = {
			isa = PBXGroup;
			children = (
				B8EA892427CEA6D000E91ED4 /* RandomUsers */,
				B8EA893B27CEA6D200E91ED4 /* RandomUsersTests */,
				B8EA894527CEA6D200E91ED4 /* RandomUsersUITests */,
				B8EA892327CEA6D000E91ED4 /* Products */,
			);
			sourceTree = "<group>";
		};
		B8EA892327CEA6D000E91ED4 /* Products */ = {
			isa = PBXGroup;
			children = (
				B8EA892227CEA6D000E91ED4 /* RandomUsers.app */,
				B8EA893827CEA6D200E91ED4 /* RandomUsersTests.xctest */,
				B8EA894227CEA6D200E91ED4 /* RandomUsersUITests.xctest */,
			);
			name = Products;
			sourceTree = "<group>";
		};
		B8EA892427CEA6D000E91ED4 /* RandomUsers */ = {
			isa = PBXGroup;
			children = (
				B8EA892527CEA6D000E91ED4 /* AppDelegate.swift */,
				B8EA892727CEA6D000E91ED4 /* SceneDelegate.swift */,
				B8EA892927CEA6D000E91ED4 /* ViewController.swift */,
				B8EA892B27CEA6D000E91ED4 /* Main.storyboard */,
				B8EA892E27CEA6D200E91ED4 /* Assets.xcassets */,
				B8EA893027CEA6D200E91ED4 /* LaunchScreen.storyboard */,
				B8EA893327CEA6D200E91ED4 /* Info.plist */,
			);
			path = RandomUsers;
			sourceTree = "<group>";
		};
		B8EA893B27CEA6D200E91ED4 /* RandomUsersTests */ = {
			isa = PBXGroup;
			children = (
				B8EA893C27CEA6D200E91ED4 /* RandomUsersTests.swift */,
			);
			path = RandomUsersTests;
			sourceTree = "<group>";
		};
		B8EA894527CEA6D200E91ED4 /* RandomUsersUITests */ = {
			isa = PBXGroup;
			children = (
				B8EA894627CEA6D200E91ED4 /* RandomUsersUITests.swift */,
				B8EA894827CEA6D200E91ED4 /* RandomUsersUITestsLaunchTests.swift */,
			);
			path = RandomUsersUITests;
			sourceTree = "<group>";
		};
/* End PBXGroup section */

/* Begin PBXNativeTarget section */
		B8EA892127CEA6D000E91ED4 /* RandomUsers */ = {
			isa = PBXNativeTarget;
			buildConfigurationList = B8EA894C27CEA6D200E91ED4 /* Build configuration list for PBXNativeTarget "RandomUsers" */;
			buildPhases = (
				B8EA891E27CEA6D000E91ED4 /* Sources */,
				B8EA891F27CEA6D000E91ED4 /* Frameworks */,
				B8EA892027CEA6D000E91ED4 /* Resources */,
			);
			buildRules = (
			);
			dependencies = (
			);
			name = RandomUsers;
			productName = RandomUsers;
			productReference = B8EA892227CEA6D000E91ED4 /* RandomUsers.app */;
			productType = "com.apple.product-type.application";
		};
		B8EA893727CEA6D200E91ED4 /* RandomUsersTests */ = {
			isa = PBXNativeTarget;
			buildConfigurationList = B8EA894F27CEA6D200E91ED4 /* Build configuration list for PBXNativeTarget "RandomUsersTests" */;
			buildPhases = (
				B8EA893427CEA6D200E91ED4 /* Sources */,
				B8EA893527CEA6D200E91ED4 /* Frameworks */,
				B8EA893627CEA6D200E91ED4 /* Resources */,
			);
			buildRules = (
			);
			dependencies = (
				B8EA893A27CEA6D200E91ED4 /* PBXTargetDependency */,
			);
			name = RandomUsersTests;
			productName = RandomUsersTests;
			productReference = B8EA893827CEA6D200E91ED4 /* RandomUsersTests.xctest */;
			productType = "com.apple.product-type.bundle.unit-test";
		};
		B8EA894127CEA6D200E91ED4 /* RandomUsersUITests */ = {
			isa = PBXNativeTarget;
			buildConfigurationList = B8EA895227CEA6D200E91ED4 /* Build configuration list for PBXNativeTarget "RandomUsersUITests" */;
			buildPhases = (
				B8EA893E27CEA6D200E91ED4 /* Sources */,
				B8EA893F27CEA6D200E91ED4 /* Frameworks */,
				B8EA894027CEA6D200E91ED4 /* Resources */,
			);
			buildRules = (
			);
			dependencies = (
				B8EA894427CEA6D200E91ED4 /* PBXTargetDependency */,
			);
			name = RandomUsersUITests;
			productName = RandomUsersUITests;
			productReference = B8EA894227CEA6D200E91ED4 /* RandomUsersUITests.xctest */;
			productType = "com.apple.product-type.bundle.ui-testing";
		};
/* End PBXNativeTarget section */

/* Begin PBXProject section */
		B8EA891A27CEA6D000E91ED4 /* Project object */ = {
			isa = PBXProject;
			attributes = {
				BuildIndependentTargetsInParallel = 1;
				LastSwiftUpdateCheck = 1320;
				LastUpgradeCheck = 1320;
				TargetAttributes = {
					B8EA892127CEA6D000E91ED4 = {
						CreatedOnToolsVersion = 13.2.1;
					};
					B8EA893727CEA6D200E91ED4 = {
						CreatedOnToolsVersion = 13.2.1;
						TestTargetID = B8EA892127CEA6D000E91ED4;
					};
					B8EA894127CEA6D200E91ED4 = {
						CreatedOnToolsVersion = 13.2.1;
						TestTargetID = B8EA892127CEA6D000E91ED4;
					};
				};
			};
			buildConfigurationList = B8EA891D27CEA6D000E91ED4 /* Build configuration list for PBXProject "RandomUsers" */;
			compatibilityVersion = "Xcode 13.0";
			developmentRegion = en;
			hasScannedForEncodings = 0;
			knownRegions = (
				en,
				Base,
			);
			mainGroup = B8EA891927CEA6D000E91ED4;
			productRefGroup = B8EA892327CEA6D000E91ED4 /* Products */;
			projectDirPath = "";
			projectRoot = "";
			targets = (
				B8EA892127CEA6D000E91ED4 /* RandomUsers */,
				B8EA893727CEA6D200E91ED4 /* RandomUsersTests */,
				B8EA894127CEA6D200E91ED4 /* RandomUsersUITests */,
			);
		};
/* End PBXProject section */

/* Begin PBXResourcesBuildPhase section */
		B8EA892027CEA6D000E91ED4 /* Resources */ = {
			isa = PBXResourcesBuildPhase;
			buildActionMask = 2147483647;
			files = (
				B8EA893227CEA6D200E91ED4 /* LaunchScreen.storyboard in Resources */,
				B8EA892F27CEA6D200E91ED4 /* Assets.xcassets in Resources */,
				B8EA892D27CEA6D000E91ED4 /* Main.storyboard in Resources */,
			);
			runOnlyForDeploymentPostprocessing = 0;
		};
		B8EA893627CEA6D200E91ED4 /* Resources */ = {
			isa = PBXResourcesBuildPhase;
			buildActionMask = 2147483647;
			files = (
			);
			runOnlyForDeploymentPostprocessing = 0;
		};
		B8EA894027CEA6D200E91ED4 /* Resources */ = {
			isa = PBXResourcesBuildPhase;
			buildActionMask = 2147483647;
			files = (
			);
			runOnlyForDeploymentPostprocessing = 0;
		};
/* End PBXResourcesBuildPhase section */

/* Begin PBXSourcesBuildPhase section */
		B8EA891E27CEA6D000E91ED4 /* Sources */ = {
			isa = PBXSourcesBuildPhase;
			buildActionMask = 2147483647;
			files = (
				B8EA892A27CEA6D000E91ED4 /* ViewController.swift in Sources */,
				B8EA892627CEA6D000E91ED4 /* AppDelegate.swift in Sources */,
				B8EA892827CEA6D000E91ED4 /* SceneDelegate.swift in Sources */,
			);
			runOnlyForDeploymentPostprocessing = 0;
		};
		B8EA893427CEA6D200E91ED4 /* Sources */ = {
			isa = PBXSourcesBuildPhase;
			buildActionMask = 2147483647;
			files = (
				B8EA893D27CEA6D200E91ED4 /* RandomUsersTests.swift in Sources */,
			);
			runOnlyForDeploymentPostprocessing = 0;
		};
		B8EA893E27CEA6D200E91ED4 /* Sources */ = {
			isa = PBXSourcesBuildPhase;
			buildActionMask = 2147483647;
			files = (
				B8EA894927CEA6D200E91ED4 /* RandomUsersUITestsLaunchTests.swift in Sources */,
				B8EA894727CEA6D200E91ED4 /* RandomUsersUITests.swift in Sources */,
			);
			runOnlyForDeploymentPostprocessing = 0;
		};
/* End PBXSourcesBuildPhase section */

/* Begin PBXTargetDependency section */
		B8EA893A27CEA6D200E91ED4 /* PBXTargetDependency */ = {
			isa = PBXTargetDependency;
			target = B8EA892127CEA6D000E91ED4 /* RandomUsers */;
			targetProxy = B8EA893927CEA6D200E91ED4 /* PBXContainerItemProxy */;
		};
		B8EA894427CEA6D200E91ED4 /* PBXTargetDependency */ = {
			isa = PBXTargetDependency;
			target = B8EA892127CEA6D000E91ED4 /* RandomUsers */;
			targetProxy = B8EA894327CEA6D200E91ED4 /* PBXContainerItemProxy */;
		};
/* End PBXTargetDependency section */

/* Begin PBXVariantGroup section */
		B8EA892B27CEA6D000E91ED4 /* Main.storyboard */ = {
			isa = PBXVariantGroup;
			children = (
				B8EA892C27CEA6D000E91ED4 /* Base */,
			);
			name = Main.storyboard;
			sourceTree = "<group>";
		};
		B8EA893027CEA6D200E91ED4 /* LaunchScreen.storyboard */ = {
			isa = PBXVariantGroup;
			children = (
				B8EA893127CEA6D200E91ED4 /* Base */,
			);
			name = LaunchScreen.storyboard;
			sourceTree = "<group>";
		};
/* End PBXVariantGroup section */

/* Begin XCBuildConfiguration section */
		B8EA894A27CEA6D200E91ED4 /* Debug */ = {
			isa = XCBuildConfiguration;
			buildSettings = {
				ALWAYS_SEARCH_USER_PATHS = NO;
				CLANG_ANALYZER_NONNULL = YES;
				CLANG_ANALYZER_NUMBER_OBJECT_CONVERSION = YES_AGGRESSIVE;
				CLANG_CXX_LANGUAGE_STANDARD = "gnu++17";
				CLANG_CXX_LIBRARY = "libc++";
				CLANG_ENABLE_MODULES = YES;
				CLANG_ENABLE_OBJC_ARC = YES;
				CLANG_ENABLE_OBJC_WEAK = YES;
				CLANG_WARN_BLOCK_CAPTURE_AUTORELEASING = YES;
				CLANG_WARN_BOOL_CONVERSION = YES;
				CLANG_WARN_COMMA = YES;
				CLANG_WARN_CONSTANT_CONVERSION = YES;
				CLANG_WARN_DEPRECATED_OBJC_IMPLEMENTATIONS = YES;
				CLANG_WARN_DIRECT_OBJC_ISA_USAGE = YES_ERROR;
				CLANG_WARN_DOCUMENTATION_COMMENTS = YES;
				CLANG_WARN_EMPTY_BODY = YES;
				CLANG_WARN_ENUM_CONVERSION = YES;
				CLANG_WARN_INFINITE_RECURSION = YES;
				CLANG_WARN_INT_CONVERSION = YES;
				CLANG_WARN_NON_LITERAL_NULL_CONVERSION = YES;
				CLANG_WARN_OBJC_IMPLICIT_RETAIN_SELF = YES;
				CLANG_WARN_OBJC_LITERAL_CONVERSION = YES;
				CLANG_WARN_OBJC_ROOT_CLASS = YES_ERROR;
				CLANG_WARN_QUOTED_INCLUDE_IN_FRAMEWORK_HEADER = YES;
				CLANG_WARN_RANGE_LOOP_ANALYSIS = YES;
				CLANG_WARN_STRICT_PROTOTYPES = YES;
				CLANG_WARN_SUSPICIOUS_MOVE = YES;
				CLANG_WARN_UNGUARDED_AVAILABILITY = YES_AGGRESSIVE;
				CLANG_WARN_UNREACHABLE_CODE = YES;
				CLANG_WARN__DUPLICATE_METHOD_MATCH = YES;
				COPY_PHASE_STRIP = NO;
				DEBUG_INFORMATION_FORMAT = dwarf;
				ENABLE_STRICT_OBJC_MSGSEND = YES;
				ENABLE_TESTABILITY = YES;
				GCC_C_LANGUAGE_STANDARD = gnu11;
				GCC_DYNAMIC_NO_PIC = NO;
				GCC_NO_COMMON_BLOCKS = YES;
				GCC_OPTIMIZATION_LEVEL = 0;
				GCC_PREPROCESSOR_DEFINITIONS = (
					"DEBUG=1",
					"$(inherited)",
				);
				GCC_WARN_64_TO_32_BIT_CONVERSION = YES;
				GCC_WARN_ABOUT_RETURN_TYPE = YES_ERROR;
				GCC_WARN_UNDECLARED_SELECTOR = YES;
				GCC_WARN_UNINITIALIZED_AUTOS = YES_AGGRESSIVE;
				GCC_WARN_UNUSED_FUNCTION = YES;
				GCC_WARN_UNUSED_VARIABLE = YES;
				IPHONEOS_DEPLOYMENT_TARGET = 15.2;
				MTL_ENABLE_DEBUG_INFO = INCLUDE_SOURCE;
				MTL_FAST_MATH = YES;
				ONLY_ACTIVE_ARCH = YES;
				SDKROOT = iphoneos;
				SWIFT_ACTIVE_COMPILATION_CONDITIONS = DEBUG;
				SWIFT_OPTIMIZATION_LEVEL = "-Onone";
			};
			name = Debug;
		};
		B8EA894B27CEA6D200E91ED4 /* Release */ = {
			isa = XCBuildConfiguration;
			buildSettings = {
				ALWAYS_SEARCH_USER_PATHS = NO;
				CLANG_ANALYZER_NONNULL = YES;
				CLANG_ANALYZER_NUMBER_OBJECT_CONVERSION = YES_AGGRESSIVE;
				CLANG_CXX_LANGUAGE_STANDARD = "gnu++17";
				CLANG_CXX_LIBRARY = "libc++";
				CLANG_ENABLE_MODULES = YES;
				CLANG_ENABLE_OBJC_ARC = YES;
				CLANG_ENABLE_OBJC_WEAK = YES;
				CLANG_WARN_BLOCK_CAPTURE_AUTORELEASING = YES;
				CLANG_WARN_BOOL_CONVERSION = YES;
				CLANG_WARN_COMMA = YES;
				CLANG_WARN_CONSTANT_CONVERSION = YES;
				CLANG_WARN_DEPRECATED_OBJC_IMPLEMENTATIONS = YES;
				CLANG_WARN_DIRECT_OBJC_ISA_USAGE = YES_ERROR;
				CLANG_WARN_DOCUMENTATION_COMMENTS = YES;
				CLANG_WARN_EMPTY_BODY = YES;
				CLANG_WARN_ENUM_CONVERSION = YES;
				CLANG_WARN_INFINITE_RECURSION = YES;
				CLANG_WARN_INT_CONVERSION = YES;
				CLANG_WARN_NON_LITERAL_NULL_CONVERSION = YES;
				CLANG_WARN_OBJC_IMPLICIT_RETAIN_SELF = YES;
				CLANG_WARN_OBJC_LITERAL_CONVERSION = YES;
				CLANG_WARN_OBJC_ROOT_CLASS = YES_ERROR;
				CLANG_WARN_QUOTED_INCLUDE_IN_FRAMEWORK_HEADER = YES;
				CLANG_WARN_RANGE_LOOP_ANALYSIS = YES;
				CLANG_WARN_STRICT_PROTOTYPES = YES;
				CLANG_WARN_SUSPICIOUS_MOVE = YES;
				CLANG_WARN_UNGUARDED_AVAILABILITY = YES_AGGRESSIVE;
				CLANG_WARN_UNREACHABLE_CODE = YES;
				CLANG_WARN__DUPLICATE_METHOD_MATCH = YES;
				COPY_PHASE_STRIP = NO;
				DEBUG_INFORMATION_FORMAT = "dwarf-with-dsym";
				ENABLE_NS_ASSERTIONS = NO;
				ENABLE_STRICT_OBJC_MSGSEND = YES;
				GCC_C_LANGUAGE_STANDARD = gnu11;
				GCC_NO_COMMON_BLOCKS = YES;
				GCC_WARN_64_TO_32_BIT_CONVERSION = YES;
				GCC_WARN_ABOUT_RETURN_TYPE = YES_ERROR;
				GCC_WARN_UNDECLARED_SELECTOR = YES;
				GCC_WARN_UNINITIALIZED_AUTOS = YES_AGGRESSIVE;
				GCC_WARN_UNUSED_FUNCTION = YES;
				GCC_WARN_UNUSED_VARIABLE = YES;
				IPHONEOS_DEPLOYMENT_TARGET = 15.2;
				MTL_ENABLE_DEBUG_INFO = NO;
				MTL_FAST_MATH = YES;
				SDKROOT = iphoneos;
				SWIFT_COMPILATION_MODE = wholemodule;
				SWIFT_OPTIMIZATION_LEVEL = "-O";
				VALIDATE_PRODUCT = YES;
			};
			name = Release;
		};
		B8EA894D27CEA6D200E91ED4 /* Debug */ = {
			isa = XCBuildConfiguration;
			buildSettings = {
				ASSETCATALOG_COMPILER_APPICON_NAME = AppIcon;
				ASSETCATALOG_COMPILER_GLOBAL_ACCENT_COLOR_NAME = AccentColor;
				CODE_SIGN_STYLE = Automatic;
				CURRENT_PROJECT_VERSION = 1;
				DEVELOPMENT_TEAM = WLGFZCD2AB;
				GENERATE_INFOPLIST_FILE = YES;
				INFOPLIST_FILE = RandomUsers/Info.plist;
				INFOPLIST_KEY_UIApplicationSupportsIndirectInputEvents = YES;
				INFOPLIST_KEY_UILaunchStoryboardName = LaunchScreen;
				INFOPLIST_KEY_UIMainStoryboardFile = Main;
				INFOPLIST_KEY_UISupportedInterfaceOrientations_iPad = "UIInterfaceOrientationPortrait UIInterfaceOrientationPortraitUpsideDown UIInterfaceOrientationLandscapeLeft UIInterfaceOrientationLandscapeRight";
				INFOPLIST_KEY_UISupportedInterfaceOrientations_iPhone = "UIInterfaceOrientationPortrait UIInterfaceOrientationLandscapeLeft UIInterfaceOrientationLandscapeRight";
				LD_RUNPATH_SEARCH_PATHS = (
					"$(inherited)",
					"@executable_path/Frameworks",
				);
				MARKETING_VERSION = 1.0;
				PRODUCT_BUNDLE_IDENTIFIER = com.martin.RandomUsers;
				PRODUCT_NAME = "$(TARGET_NAME)";
				SWIFT_EMIT_LOC_STRINGS = YES;
				SWIFT_VERSION = 5.0;
				TARGETED_DEVICE_FAMILY = "1,2";
			};
			name = Debug;
		};
		B8EA894E27CEA6D200E91ED4 /* Release */ = {
			isa = XCBuildConfiguration;
			buildSettings = {
				ASSETCATALOG_COMPILER_APPICON_NAME = AppIcon;
				ASSETCATALOG_COMPILER_GLOBAL_ACCENT_COLOR_NAME = AccentColor;
				CODE_SIGN_STYLE = Automatic;
				CURRENT_PROJECT_VERSION = 1;
				DEVELOPMENT_TEAM = WLGFZCD2AB;
				GENERATE_INFOPLIST_FILE = YES;
				INFOPLIST_FILE = RandomUsers/Info.plist;
				INFOPLIST_KEY_UIApplicationSupportsIndirectInputEvents = YES;
				INFOPLIST_KEY_UILaunchStoryboardName = LaunchScreen;
				INFOPLIST_KEY_UIMainStoryboardFile = Main;
				INFOPLIST_KEY_UISupportedInterfaceOrientations_iPad = "UIInterfaceOrientationPortrait UIInterfaceOrientationPortraitUpsideDown UIInterfaceOrientationLandscapeLeft UIInterfaceOrientationLandscapeRight";
				INFOPLIST_KEY_UISupportedInterfaceOrientations_iPhone = "UIInterfaceOrientationPortrait UIInterfaceOrientationLandscapeLeft UIInterfaceOrientationLandscapeRight";
				LD_RUNPATH_SEARCH_PATHS = (
					"$(inherited)",
					"@executable_path/Frameworks",
				);
				MARKETING_VERSION = 1.0;
				PRODUCT_BUNDLE_IDENTIFIER = com.martin.RandomUsers;
				PRODUCT_NAME = "$(TARGET_NAME)";
				SWIFT_EMIT_LOC_STRINGS = YES;
				SWIFT_VERSION = 5.0;
				TARGETED_DEVICE_FAMILY = "1,2";
			};
			name = Release;
		};
		B8EA895027CEA6D200E91ED4 /* Debug */ = {
			isa = XCBuildConfiguration;
			buildSettings = {
				ALWAYS_EMBED_SWIFT_STANDARD_LIBRARIES = YES;
				BUNDLE_LOADER = "$(TEST_HOST)";
				CODE_SIGN_STYLE = Automatic;
				CURRENT_PROJECT_VERSION = 1;
				DEVELOPMENT_TEAM = WLGFZCD2AB;
				GENERATE_INFOPLIST_FILE = YES;
				IPHONEOS_DEPLOYMENT_TARGET = 15.2;
				MARKETING_VERSION = 1.0;
				PRODUCT_BUNDLE_IDENTIFIER = com.martin.RandomUsersTests;
				PRODUCT_NAME = "$(TARGET_NAME)";
				SWIFT_EMIT_LOC_STRINGS = NO;
				SWIFT_VERSION = 5.0;
				TARGETED_DEVICE_FAMILY = "1,2";
				TEST_HOST = "$(BUILT_PRODUCTS_DIR)/RandomUsers.app/RandomUsers";
			};
			name = Debug;
		};
		B8EA895127CEA6D200E91ED4 /* Release */ = {
			isa = XCBuildConfiguration;
			buildSettings = {
				ALWAYS_EMBED_SWIFT_STANDARD_LIBRARIES = YES;
				BUNDLE_LOADER = "$(TEST_HOST)";
				CODE_SIGN_STYLE = Automatic;
				CURRENT_PROJECT_VERSION = 1;
				DEVELOPMENT_TEAM = WLGFZCD2AB;
				GENERATE_INFOPLIST_FILE = YES;
				IPHONEOS_DEPLOYMENT_TARGET = 15.2;
				MARKETING_VERSION = 1.0;
				PRODUCT_BUNDLE_IDENTIFIER = com.martin.RandomUsersTests;
				PRODUCT_NAME = "$(TARGET_NAME)";
				SWIFT_EMIT_LOC_STRINGS = NO;
				SWIFT_VERSION = 5.0;
				TARGETED_DEVICE_FAMILY = "1,2";
				TEST_HOST = "$(BUILT_PRODUCTS_DIR)/RandomUsers.app/RandomUsers";
			};
			name = Release;
		};
		B8EA895327CEA6D200E91ED4 /* Debug */ = {
			isa = XCBuildConfiguration;
			buildSettings = {
				ALWAYS_EMBED_SWIFT_STANDARD_LIBRARIES = YES;
				CODE_SIGN_STYLE = Automatic;
				CURRENT_PROJECT_VERSION = 1;
				DEVELOPMENT_TEAM = WLGFZCD2AB;
				GENERATE_INFOPLIST_FILE = YES;
				MARKETING_VERSION = 1.0;
				PRODUCT_BUNDLE_IDENTIFIER = com.martin.RandomUsersUITests;
				PRODUCT_NAME = "$(TARGET_NAME)";
				SWIFT_EMIT_LOC_STRINGS = NO;
				SWIFT_VERSION = 5.0;
				TARGETED_DEVICE_FAMILY = "1,2";
				TEST_TARGET_NAME = RandomUsers;
			};
			name = Debug;
		};
		B8EA895427CEA6D200E91ED4 /* Release */ = {
			isa = XCBuildConfiguration;
			buildSettings = {
				ALWAYS_EMBED_SWIFT_STANDARD_LIBRARIES = YES;
				CODE_SIGN_STYLE = Automatic;
				CURRENT_PROJECT_VERSION = 1;
				DEVELOPMENT_TEAM = WLGFZCD2AB;
				GENERATE_INFOPLIST_FILE = YES;
				MARKETING_VERSION = 1.0;
				PRODUCT_BUNDLE_IDENTIFIER = com.martin.RandomUsersUITests;
				PRODUCT_NAME = "$(TARGET_NAME)";
				SWIFT_EMIT_LOC_STRINGS = NO;
				SWIFT_VERSION = 5.0;
				TARGETED_DEVICE_FAMILY = "1,2";
				TEST_TARGET_NAME = RandomUsers;
			};
			name = Release;
		};
/* End XCBuildConfiguration section */

/* Begin XCConfigurationList section */
		B8EA891D27CEA6D000E91ED4 /* Build configuration list for PBXProject "RandomUsers" */ = {
			isa = XCConfigurationList;
			buildConfigurations = (
				B8EA894A27CEA6D200E91ED4 /* Debug */,
				B8EA894B27CEA6D200E91ED4 /* Release */,
			);
			defaultConfigurationIsVisible = 0;
			defaultConfigurationName = Release;
		};
		B8EA894C27CEA6D200E91ED4 /* Build configuration list for PBXNativeTarget "RandomUsers" */ = {
			isa = XCConfigurationList;
			buildConfigurations = (
				B8EA894D27CEA6D200E91ED4 /* Debug */,
				B8EA894E27CEA6D200E91ED4 /* Release */,
			);
			defaultConfigurationIsVisible = 0;
			defaultConfigurationName = Release;
		};
		B8EA894F27CEA6D200E91ED4 /* Build configuration list for PBXNativeTarget "RandomUsersTests" */ = {
			isa = XCConfigurationList;
			buildConfigurations = (
				B8EA895027CEA6D200E91ED4 /* Debug */,
				B8EA895127CEA6D200E91ED4 /* Release */,
			);
			defaultConfigurationIsVisible = 0;
			defaultConfigurationName = Release;
		};
		B8EA895227CEA6D200E91ED4 /* Build configuration list for PBXNativeTarget "RandomUsersUITests" */ = {
			isa = XCConfigurationList;
			buildConfigurations = (
				B8EA895327CEA6D200E91ED4 /* Debug */,
				B8EA895427CEA6D200E91ED4 /* Release */,
			);
			defaultConfigurationIsVisible = 0;
			defaultConfigurationName = Release;
		};
/* End XCConfigurationList section */
	};
	rootObject = B8EA891A27CEA6D000E91ED4 /* Project object */;
}
